
Microsoft Visual Studio Solution File, Format Version 12.00
# Visual Studio 15
VisualStudioVersion = 15.0.27428.2015
MinimumVisualStudioVersion = 10.0.40219.1
Project("{FAE04EC0-301F-11D3-BF4B-00C04F79EFBC}") = "SteakHouseApp", "SteakHouseApp\SteakHouseApp.csproj", "{0101F1C5-3AB8-4A25-BFFF-278C0CDE9931}"
EndProject
Global
	GlobalSection(SolutionConfigurationPlatforms) = preSolution
		Debug|Any CPU = Debug|Any CPU
		Release|Any CPU = Release|Any CPU
	EndGlobalSection
	GlobalSection(ProjectConfigurationPlatforms) = postSolution
		{0101F1C5-3AB8-4A25-BFFF-278C0CDE9931}.Debug|Any CPU.ActiveCfg = Debug|Any CPU
		{0101F1C5-3AB8-4A25-BFFF-278C0CDE9931}.Debug|Any CPU.Build.0 = Debug|Any CPU
		{0101F1C5-3AB8-4A25-BFFF-278C0CDE9931}.Release|Any CPU.ActiveCfg = Release|Any CPU
		{0101F1C5-3AB8-4A25-BFFF-278C0CDE9931}.Release|Any CPU.Build.0 = Release|Any CPU
	EndGlobalSection
	GlobalSection(SolutionProperties) = preSolution
		HideSolutionNode = FALSE
	EndGlobalSection
	GlobalSection(ExtensibilityGlobals) = postSolution
		SolutionGuid = {743E489E-134E-4D32-8B93-9259A80A07D4}
	EndGlobalSection
EndGlobal
